
Microsoft Visual Studio Solution File, Format Version 12.00
Project("{FAE04EC0-301F-11D3-BF4B-00C04F79EFBC}") = "Sample", "Sample\Sample.csproj", "{20B6D82F-95D4-43B9-AA04-D70B56A33BF1}"
EndProject
Project("{FAE04EC0-301F-11D3-BF4B-00C04F79EFBC}") = "UiMock", "UiMock\UiMock.csproj", "{C1CB8BD7-1027-4A93-BA9C-515539397943}"
EndProject
Project("{FAE04EC0-301F-11D3-BF4B-00C04F79EFBC}") = "Sample.Mocks", "Sample.Mocks\Sample.Mocks.csproj", "{E04F67A2-ED44-4EC3-8326-9689C79F76BD}"
EndProject
Project("{FAE04EC0-301F-11D3-BF4B-00C04F79EFBC}") = "Sample.Core", "Sample.Core\Sample.Core.csproj", "{074C3851-A9D4-423F-81B9-FEC232628B64}"
EndProject
Global
	GlobalSection(SolutionConfigurationPlatforms) = preSolution
		Debug|Any CPU = Debug|Any CPU
		Release|Any CPU = Release|Any CPU
	EndGlobalSection
	GlobalSection(ProjectConfigurationPlatforms) = postSolution
		{20B6D82F-95D4-43B9-AA04-D70B56A33BF1}.Debug|Any CPU.ActiveCfg = Debug|Any CPU
		{20B6D82F-95D4-43B9-AA04-D70B56A33BF1}.Debug|Any CPU.Build.0 = Debug|Any CPU
		{20B6D82F-95D4-43B9-AA04-D70B56A33BF1}.Release|Any CPU.ActiveCfg = Release|Any CPU
		{20B6D82F-95D4-43B9-AA04-D70B56A33BF1}.Release|Any CPU.Build.0 = Release|Any CPU
		{C1CB8BD7-1027-4A93-BA9C-515539397943}.Debug|Any CPU.ActiveCfg = Debug|Any CPU
		{C1CB8BD7-1027-4A93-BA9C-515539397943}.Debug|Any CPU.Build.0 = Debug|Any CPU
		{C1CB8BD7-1027-4A93-BA9C-515539397943}.Release|Any CPU.ActiveCfg = Release|Any CPU
		{C1CB8BD7-1027-4A93-BA9C-515539397943}.Release|Any CPU.Build.0 = Release|Any CPU
		{E04F67A2-ED44-4EC3-8326-9689C79F76BD}.Debug|Any CPU.ActiveCfg = Debug|Any CPU
		{E04F67A2-ED44-4EC3-8326-9689C79F76BD}.Debug|Any CPU.Build.0 = Debug|Any CPU
		{E04F67A2-ED44-4EC3-8326-9689C79F76BD}.Release|Any CPU.ActiveCfg = Release|Any CPU
		{E04F67A2-ED44-4EC3-8326-9689C79F76BD}.Release|Any CPU.Build.0 = Release|Any CPU
		{074C3851-A9D4-423F-81B9-FEC232628B64}.Debug|Any CPU.ActiveCfg = Debug|Any CPU
		{074C3851-A9D4-423F-81B9-FEC232628B64}.Debug|Any CPU.Build.0 = Debug|Any CPU
		{074C3851-A9D4-423F-81B9-FEC232628B64}.Release|Any CPU.ActiveCfg = Release|Any CPU
		{074C3851-A9D4-423F-81B9-FEC232628B64}.Release|Any CPU.Build.0 = Release|Any CPU
	EndGlobalSection
EndGlobal
